
Microsoft Visual Studio Solution File, Format Version 12.00
# Visual Studio Version 16
VisualStudioVersion = 16.0.28922.388
MinimumVisualStudioVersion = 10.0.40219.1
Project("{FAE04EC0-301F-11D3-BF4B-00C04F79EFBC}") = "Test_timer", "Test_timer\Test_timer.csproj", "{E75793FE-C2CA-43F1-86AF-6CF2172FD219}"
EndProject
Global
	GlobalSection(SolutionConfigurationPlatforms) = preSolution
		Debug|Any CPU = Debug|Any CPU
		Release|Any CPU = Release|Any CPU
	EndGlobalSection
	GlobalSection(ProjectConfigurationPlatforms) = postSolution
		{E75793FE-C2CA-43F1-86AF-6CF2172FD219}.Debug|Any CPU.ActiveCfg = Debug|Any CPU
		{E75793FE-C2CA-43F1-86AF-6CF2172FD219}.Debug|Any CPU.Build.0 = Debug|Any CPU
		{E75793FE-C2CA-43F1-86AF-6CF2172FD219}.Release|Any CPU.ActiveCfg = Release|Any CPU
		{E75793FE-C2CA-43F1-86AF-6CF2172FD219}.Release|Any CPU.Build.0 = Release|Any CPU
	EndGlobalSection
	GlobalSection(SolutionProperties) = preSolution
		HideSolutionNode = FALSE
	EndGlobalSection
	GlobalSection(ExtensibilityGlobals) = postSolution
		SolutionGuid = {21726DEB-0BD8-4D47-8431-6CE3B0D935D3}
	EndGlobalSection
EndGlobal
