
Microsoft Visual Studio Solution File, Format Version 12.00
# Visual Studio 15
VisualStudioVersion = 15.0.28307.572
MinimumVisualStudioVersion = 10.0.40219.1
Project("{FAE04EC0-301F-11D3-BF4B-00C04F79EFBC}") = "03-Deductions", "03-Deductions\03-Deductions.csproj", "{AB5748E2-8913-4DCF-BF12-EC3731FBCEC5}"
EndProject
Global
	GlobalSection(SolutionConfigurationPlatforms) = preSolution
		Debug|Any CPU = Debug|Any CPU
		Release|Any CPU = Release|Any CPU
	EndGlobalSection
	GlobalSection(ProjectConfigurationPlatforms) = postSolution
		{AB5748E2-8913-4DCF-BF12-EC3731FBCEC5}.Debug|Any CPU.ActiveCfg = Debug|Any CPU
		{AB5748E2-8913-4DCF-BF12-EC3731FBCEC5}.Debug|Any CPU.Build.0 = Debug|Any CPU
		{AB5748E2-8913-4DCF-BF12-EC3731FBCEC5}.Release|Any CPU.ActiveCfg = Release|Any CPU
		{AB5748E2-8913-4DCF-BF12-EC3731FBCEC5}.Release|Any CPU.Build.0 = Release|Any CPU
	EndGlobalSection
	GlobalSection(SolutionProperties) = preSolution
		HideSolutionNode = FALSE
	EndGlobalSection
	GlobalSection(ExtensibilityGlobals) = postSolution
		SolutionGuid = {14D0C163-D9B7-4526-923D-95F56A2DC433}
	EndGlobalSection
EndGlobal
