
Microsoft Visual Studio Solution File, Format Version 12.00
# Visual Studio 15
VisualStudioVersion = 15.0.28307.329
MinimumVisualStudioVersion = 10.0.40219.1
Project("{FAE04EC0-301F-11D3-BF4B-00C04F79EFBC}") = "13-MachineACalculer-Implementation", "13-MachineACalculer-Implementation\13-MachineACalculer-Implementation.csproj", "{BA24C17B-40D5-44DC-8D33-764D77D7D64D}"
EndProject
Global
	GlobalSection(SolutionConfigurationPlatforms) = preSolution
		Debug|Any CPU = Debug|Any CPU
		Release|Any CPU = Release|Any CPU
	EndGlobalSection
	GlobalSection(ProjectConfigurationPlatforms) = postSolution
		{BA24C17B-40D5-44DC-8D33-764D77D7D64D}.Debug|Any CPU.ActiveCfg = Debug|Any CPU
		{BA24C17B-40D5-44DC-8D33-764D77D7D64D}.Debug|Any CPU.Build.0 = Debug|Any CPU
		{BA24C17B-40D5-44DC-8D33-764D77D7D64D}.Release|Any CPU.ActiveCfg = Release|Any CPU
		{BA24C17B-40D5-44DC-8D33-764D77D7D64D}.Release|Any CPU.Build.0 = Release|Any CPU
	EndGlobalSection
	GlobalSection(SolutionProperties) = preSolution
		HideSolutionNode = FALSE
	EndGlobalSection
	GlobalSection(ExtensibilityGlobals) = postSolution
		SolutionGuid = {99662D00-8C70-46F3-8CF8-3FE4619822B6}
	EndGlobalSection
EndGlobal
